{
  "originHash" : "b1f521648ea4a7cf596dba1cfb80cd77afea4b66e0c6c71429221dc372b052cb",
  "pins" : [
    {
      "identity" : "legion-ios",
      "kind" : "remoteSourceControl",
      "location" : "ssh://git@gitlab.playcourt.id:31022/mobileteam/legion-ios.git",
      "state" : {
        "branch" : "main",
        "revision" : "ec351739e5b2299061fee0939b71b3611969e7bd"
      }
    }
  ],
  "version" : 3
}
